// !$*UTF8*$!
{
	archiveVersion = 1;
	classes = {
	};
	objectVersion = 45;
	objects = {

/* Begin PBXBuildFile section */
		1D3623260D0F684500981E51 /* TUGuideAppDelegate.m in Sources */ = {isa = PBXBuildFile; fileRef = 1D3623250D0F684500981E51 /* TUGuideAppDelegate.m */; };
		1D60589B0D05DD56006BFB54 /* main.m in Sources */ = {isa = PBXBuildFile; fileRef = 29B97316FDCFA39411CA2CEA /* main.m */; };
		1D60589F0D05DD5A006BFB54 /* Foundation.framework in Frameworks */ = {isa = PBXBuildFile; fileRef = 1D30AB110D05D00D00671497 /* Foundation.framework */; };
		1DF5F4E00D08C38300B7A737 /* UIKit.framework in Frameworks */ = {isa = PBXBuildFile; fileRef = 1DF5F4DF0D08C38300B7A737 /* UIKit.framework */; };
		288765FD0DF74451002DB57D /* CoreGraphics.framework in Frameworks */ = {isa = PBXBuildFile; fileRef = 288765FC0DF74451002DB57D /* CoreGraphics.framework */; };
		4BA6454112A13F5400B03B82 /* Course.m in Sources */ = {isa = PBXBuildFile; fileRef = 4BA6454012A13F5400B03B82 /* Course.m */; };
		4BA645BE12A154B600B03B82 /* Building.m in Sources */ = {isa = PBXBuildFile; fileRef = 4BA645BD12A154B600B03B82 /* Building.m */; };
		8E8D59C112A143C40096E52C /* Announcement.m in Sources */ = {isa = PBXBuildFile; fileRef = 8E8D59C012A143C40096E52C /* Announcement.m */; };
		8E8D59DC12A14B820096E52C /* Friend.m in Sources */ = {isa = PBXBuildFile; fileRef = 8E8D59DB12A14B820096E52C /* Friend.m */; };
		8E8D59DF12A14C900096E52C /* Lecture.m in Sources */ = {isa = PBXBuildFile; fileRef = 8E8D59DE12A14C900096E52C /* Lecture.m */; };
		8E8D59E812A151820096E52C /* Classroom.m in Sources */ = {isa = PBXBuildFile; fileRef = 8E8D59E712A151820096E52C /* Classroom.m */; };
		8EAFF11A12A0057300C9BCA3 /* LogicTests.m in Sources */ = {isa = PBXBuildFile; fileRef = 8EAFF11912A0057300C9BCA3 /* LogicTests.m */; };
		8EAFF15012A0059E00C9BCA3 /* SenTestingKit.framework in Frameworks */ = {isa = PBXBuildFile; fileRef = 8EAFF11B12A0058300C9BCA3 /* SenTestingKit.framework */; };
		FA381CA212A00563008E06D0 /* LoginViewController.m in Sources */ = {isa = PBXBuildFile; fileRef = FA381CA112A00563008E06D0 /* LoginViewController.m */; };
		FA381CA512A0057A008E06D0 /* RegisterLoginView.m in Sources */ = {isa = PBXBuildFile; fileRef = FA381CA412A0057A008E06D0 /* RegisterLoginView.m */; };
		FA381CAB12A00593008E06D0 /* LoginView.m in Sources */ = {isa = PBXBuildFile; fileRef = FA381CAA12A00593008E06D0 /* LoginView.m */; };
		FA381CB112A005D2008E06D0 /* RegisterView.m in Sources */ = {isa = PBXBuildFile; fileRef = FA381CB012A005D2008E06D0 /* RegisterView.m */; };
		FA67286612A099010049DBD8 /* ButtonDark.png in Resources */ = {isa = PBXBuildFile; fileRef = FA67286512A099010049DBD8 /* ButtonDark.png */; };
		FAD1DB0312A0390500F782A0 /* TUGuideLogo.png in Resources */ = {isa = PBXBuildFile; fileRef = FAD1DB0212A0390500F782A0 /* TUGuideLogo.png */; };
		FAD4AAA712A0CCD000817DCA /* User.m in Sources */ = {isa = PBXBuildFile; fileRef = FAD4AAA612A0CCD000817DCA /* User.m */; };
		FAD4AB2412A0D8F500817DCA /* Settings.bundle in Resources */ = {isa = PBXBuildFile; fileRef = FAD4AB2312A0D8F500817DCA /* Settings.bundle */; };
		FAD4AB3412A0DA1800817DCA /* icon.png in Resources */ = {isa = PBXBuildFile; fileRef = FAD4AB3312A0DA1800817DCA /* icon.png */; };
/* End PBXBuildFile section */

/* Begin PBXFileReference section */
		1D30AB110D05D00D00671497 /* Foundation.framework */ = {isa = PBXFileReference; lastKnownFileType = wrapper.framework; name = Foundation.framework; path = System/Library/Frameworks/Foundation.framework; sourceTree = SDKROOT; };
		1D3623240D0F684500981E51 /* TUGuideAppDelegate.h */ = {isa = PBXFileReference; fileEncoding = 4; lastKnownFileType = sourcecode.c.h; path = TUGuideAppDelegate.h; sourceTree = "<group>"; };
		1D3623250D0F684500981E51 /* TUGuideAppDelegate.m */ = {isa = PBXFileReference; fileEncoding = 4; lastKnownFileType = sourcecode.c.objc; path = TUGuideAppDelegate.m; sourceTree = "<group>"; };
		1D6058910D05DD3D006BFB54 /* TUGuide.app */ = {isa = PBXFileReference; explicitFileType = wrapper.application; includeInIndex = 0; path = TUGuide.app; sourceTree = BUILT_PRODUCTS_DIR; };
		1DF5F4DF0D08C38300B7A737 /* UIKit.framework */ = {isa = PBXFileReference; lastKnownFileType = wrapper.framework; name = UIKit.framework; path = System/Library/Frameworks/UIKit.framework; sourceTree = SDKROOT; };
		288765FC0DF74451002DB57D /* CoreGraphics.framework */ = {isa = PBXFileReference; lastKnownFileType = wrapper.framework; name = CoreGraphics.framework; path = System/Library/Frameworks/CoreGraphics.framework; sourceTree = SDKROOT; };
		29B97316FDCFA39411CA2CEA /* main.m */ = {isa = PBXFileReference; fileEncoding = 4; lastKnownFileType = sourcecode.c.objc; path = main.m; sourceTree = "<group>"; };
		32CA4F630368D1EE00C91783 /* TUGuide_Prefix.pch */ = {isa = PBXFileReference; fileEncoding = 4; lastKnownFileType = sourcecode.c.h; path = TUGuide_Prefix.pch; sourceTree = "<group>"; };
		4BA6453F12A13F5400B03B82 /* Course.h */ = {isa = PBXFileReference; fileEncoding = 4; lastKnownFileType = sourcecode.c.h; path = Course.h; sourceTree = "<group>"; };
		4BA6454012A13F5400B03B82 /* Course.m */ = {isa = PBXFileReference; fileEncoding = 4; lastKnownFileType = sourcecode.c.objc; path = Course.m; sourceTree = "<group>"; };
		4BA645BC12A154B600B03B82 /* Building.h */ = {isa = PBXFileReference; fileEncoding = 4; lastKnownFileType = sourcecode.c.h; path = Building.h; sourceTree = "<group>"; };
		4BA645BD12A154B600B03B82 /* Building.m */ = {isa = PBXFileReference; fileEncoding = 4; lastKnownFileType = sourcecode.c.objc; path = Building.m; sourceTree = "<group>"; };
		8D1107310486CEB800E47090 /* TUGuide-Info.plist */ = {isa = PBXFileReference; fileEncoding = 4; lastKnownFileType = text.plist.xml; path = "TUGuide-Info.plist"; plistStructureDefinitionIdentifier = "com.apple.xcode.plist.structure-definition.iphone.info-plist"; sourceTree = "<group>"; };
		8E8D59BF12A143C40096E52C /* Announcement.h */ = {isa = PBXFileReference; fileEncoding = 4; lastKnownFileType = sourcecode.c.h; path = Announcement.h; sourceTree = "<group>"; };
		8E8D59C012A143C40096E52C /* Announcement.m */ = {isa = PBXFileReference; fileEncoding = 4; lastKnownFileType = sourcecode.c.objc; path = Announcement.m; sourceTree = "<group>"; };
		8E8D59DA12A14B820096E52C /* Friend.h */ = {isa = PBXFileReference; fileEncoding = 4; lastKnownFileType = sourcecode.c.h; path = Friend.h; sourceTree = "<group>"; };
		8E8D59DB12A14B820096E52C /* Friend.m */ = {isa = PBXFileReference; fileEncoding = 4; lastKnownFileType = sourcecode.c.objc; path = Friend.m; sourceTree = "<group>"; };
		8E8D59DD12A14C900096E52C /* Lecture.h */ = {isa = PBXFileReference; fileEncoding = 4; lastKnownFileType = sourcecode.c.h; path = Lecture.h; sourceTree = "<group>"; };
		8E8D59DE12A14C900096E52C /* Lecture.m */ = {isa = PBXFileReference; fileEncoding = 4; lastKnownFileType = sourcecode.c.objc; path = Lecture.m; sourceTree = "<group>"; };
		8E8D59E612A151820096E52C /* Classroom.h */ = {isa = PBXFileReference; fileEncoding = 4; lastKnownFileType = sourcecode.c.h; path = Classroom.h; sourceTree = "<group>"; };
		8E8D59E712A151820096E52C /* Classroom.m */ = {isa = PBXFileReference; fileEncoding = 4; lastKnownFileType = sourcecode.c.objc; path = Classroom.m; sourceTree = "<group>"; };
		8EAFF11112A0054D00C9BCA3 /* Tests.octest */ = {isa = PBXFileReference; explicitFileType = wrapper.cfbundle; includeInIndex = 0; path = Tests.octest; sourceTree = BUILT_PRODUCTS_DIR; };
		8EAFF11212A0054D00C9BCA3 /* Tests-Info.plist */ = {isa = PBXFileReference; lastKnownFileType = text.plist.xml; path = "Tests-Info.plist"; sourceTree = "<group>"; };
		8EAFF11812A0057300C9BCA3 /* LogicTests.h */ = {isa = PBXFileReference; fileEncoding = 4; lastKnownFileType = sourcecode.c.h; path = LogicTests.h; sourceTree = "<group>"; };
		8EAFF11912A0057300C9BCA3 /* LogicTests.m */ = {isa = PBXFileReference; fileEncoding = 4; lastKnownFileType = sourcecode.c.objc; path = LogicTests.m; sourceTree = "<group>"; };
		8EAFF11B12A0058300C9BCA3 /* SenTestingKit.framework */ = {isa = PBXFileReference; lastKnownFileType = wrapper.framework; name = SenTestingKit.framework; path = Library/Frameworks/SenTestingKit.framework; sourceTree = DEVELOPER_DIR; };
		FA381CA012A00563008E06D0 /* LoginViewController.h */ = {isa = PBXFileReference; fileEncoding = 4; lastKnownFileType = sourcecode.c.h; path = LoginViewController.h; sourceTree = "<group>"; };
		FA381CA112A00563008E06D0 /* LoginViewController.m */ = {isa = PBXFileReference; fileEncoding = 4; lastKnownFileType = sourcecode.c.objc; path = LoginViewController.m; sourceTree = "<group>"; };
		FA381CA312A0057A008E06D0 /* RegisterLoginView.h */ = {isa = PBXFileReference; fileEncoding = 4; lastKnownFileType = sourcecode.c.h; path = RegisterLoginView.h; sourceTree = "<group>"; };
		FA381CA412A0057A008E06D0 /* RegisterLoginView.m */ = {isa = PBXFileReference; fileEncoding = 4; lastKnownFileType = sourcecode.c.objc; path = RegisterLoginView.m; sourceTree = "<group>"; };
		FA381CA912A00593008E06D0 /* LoginView.h */ = {isa = PBXFileReference; fileEncoding = 4; lastKnownFileType = sourcecode.c.h; path = LoginView.h; sourceTree = "<group>"; };
		FA381CAA12A00593008E06D0 /* LoginView.m */ = {isa = PBXFileReference; fileEncoding = 4; lastKnownFileType = sourcecode.c.objc; path = LoginView.m; sourceTree = "<group>"; };
		FA381CAF12A005D2008E06D0 /* RegisterView.h */ = {isa = PBXFileReference; fileEncoding = 4; lastKnownFileType = sourcecode.c.h; path = RegisterView.h; sourceTree = "<group>"; };
		FA381CB012A005D2008E06D0 /* RegisterView.m */ = {isa = PBXFileReference; fileEncoding = 4; lastKnownFileType = sourcecode.c.objc; path = RegisterView.m; sourceTree = "<group>"; };
		FA67286512A099010049DBD8 /* ButtonDark.png */ = {isa = PBXFileReference; lastKnownFileType = image.png; path = ButtonDark.png; sourceTree = "<group>"; };
		FAD1DB0212A0390500F782A0 /* TUGuideLogo.png */ = {isa = PBXFileReference; lastKnownFileType = image.png; path = TUGuideLogo.png; sourceTree = "<group>"; };
		FAD4AAA512A0CCD000817DCA /* User.h */ = {isa = PBXFileReference; fileEncoding = 4; lastKnownFileType = sourcecode.c.h; path = User.h; sourceTree = "<group>"; };
		FAD4AAA612A0CCD000817DCA /* User.m */ = {isa = PBXFileReference; fileEncoding = 4; lastKnownFileType = sourcecode.c.objc; path = User.m; sourceTree = "<group>"; };
		FAD4AB2312A0D8F500817DCA /* Settings.bundle */ = {isa = PBXFileReference; lastKnownFileType = "wrapper.plug-in"; path = Settings.bundle; sourceTree = "<group>"; };
		FAD4AB3312A0DA1800817DCA /* icon.png */ = {isa = PBXFileReference; lastKnownFileType = image.png; path = icon.png; sourceTree = "<group>"; };
/* End PBXFileReference section */

/* Begin PBXFrameworksBuildPhase section */
		1D60588F0D05DD3D006BFB54 /* Frameworks */ = {
			isa = PBXFrameworksBuildPhase;
			buildActionMask = 2147483647;
			files = (
				1D60589F0D05DD5A006BFB54 /* Foundation.framework in Frameworks */,
				1DF5F4E00D08C38300B7A737 /* UIKit.framework in Frameworks */,
				288765FD0DF74451002DB57D /* CoreGraphics.framework in Frameworks */,
			);
			runOnlyForDeploymentPostprocessing = 0;
		};
		8EAFF10E12A0054D00C9BCA3 /* Frameworks */ = {
			isa = PBXFrameworksBuildPhase;
			buildActionMask = 2147483647;
			files = (
				8EAFF15012A0059E00C9BCA3 /* SenTestingKit.framework in Frameworks */,
			);
			runOnlyForDeploymentPostprocessing = 0;
		};
/* End PBXFrameworksBuildPhase section */

/* Begin PBXGroup section */
		080E96DDFE201D6D7F000001 /* Classes */ = {
			isa = PBXGroup;
			children = (
				FAD4AAA312A0CCBC00817DCA /* Models */,
				FA381C9E12A0053F008E06D0 /* View */,
				FA381C9D12A00532008E06D0 /* ViewController */,
				1D3623240D0F684500981E51 /* TUGuideAppDelegate.h */,
				1D3623250D0F684500981E51 /* TUGuideAppDelegate.m */,
			);
			path = Classes;
			sourceTree = "<group>";
		};
		19C28FACFE9D520D11CA2CBB /* Products */ = {
			isa = PBXGroup;
			children = (
				1D6058910D05DD3D006BFB54 /* TUGuide.app */,
				8EAFF11112A0054D00C9BCA3 /* Tests.octest */,
			);
			name = Products;
			sourceTree = "<group>";
		};
		29B97314FDCFA39411CA2CEA /* CustomTemplate */ = {
			isa = PBXGroup;
			children = (
				8EAFF11712A0055900C9BCA3 /* LogicTests */,
				080E96DDFE201D6D7F000001 /* Classes */,
				29B97315FDCFA39411CA2CEA /* Other Sources */,
				29B97317FDCFA39411CA2CEA /* Resources */,
				29B97323FDCFA39411CA2CEA /* Frameworks */,
				19C28FACFE9D520D11CA2CBB /* Products */,
				8EAFF11212A0054D00C9BCA3 /* Tests-Info.plist */,
				FAD4AB2312A0D8F500817DCA /* Settings.bundle */,
			);
			name = CustomTemplate;
			sourceTree = "<group>";
		};
		29B97315FDCFA39411CA2CEA /* Other Sources */ = {
			isa = PBXGroup;
			children = (
				32CA4F630368D1EE00C91783 /* TUGuide_Prefix.pch */,
				29B97316FDCFA39411CA2CEA /* main.m */,
			);
			name = "Other Sources";
			sourceTree = "<group>";
		};
		29B97317FDCFA39411CA2CEA /* Resources */ = {
			isa = PBXGroup;
			children = (
				FAD1DB0712A0391800F782A0 /* Images */,
				8D1107310486CEB800E47090 /* TUGuide-Info.plist */,
			);
			name = Resources;
			sourceTree = "<group>";
		};
		29B97323FDCFA39411CA2CEA /* Frameworks */ = {
			isa = PBXGroup;
			children = (
				1DF5F4DF0D08C38300B7A737 /* UIKit.framework */,
				1D30AB110D05D00D00671497 /* Foundation.framework */,
				288765FC0DF74451002DB57D /* CoreGraphics.framework */,
				8EAFF11B12A0058300C9BCA3 /* SenTestingKit.framework */,
			);
			name = Frameworks;
			sourceTree = "<group>";
		};
		8EAFF11712A0055900C9BCA3 /* LogicTests */ = {
			isa = PBXGroup;
			children = (
				8EAFF11812A0057300C9BCA3 /* LogicTests.h */,
				8EAFF11912A0057300C9BCA3 /* LogicTests.m */,
			);
			name = LogicTests;
			sourceTree = "<group>";
		};
		FA381C9D12A00532008E06D0 /* ViewController */ = {
			isa = PBXGroup;
			children = (
				FA381CA012A00563008E06D0 /* LoginViewController.h */,
				FA381CA112A00563008E06D0 /* LoginViewController.m */,
			);
			name = ViewController;
			sourceTree = "<group>";
		};
		FA381C9E12A0053F008E06D0 /* View */ = {
			isa = PBXGroup;
			children = (
				FA381CA312A0057A008E06D0 /* RegisterLoginView.h */,
				FA381CA412A0057A008E06D0 /* RegisterLoginView.m */,
				FA381CA912A00593008E06D0 /* LoginView.h */,
				FA381CAA12A00593008E06D0 /* LoginView.m */,
				FA381CAF12A005D2008E06D0 /* RegisterView.h */,
				FA381CB012A005D2008E06D0 /* RegisterView.m */,
			);
			name = View;
			sourceTree = "<group>";
		};
		FAD1DB0712A0391800F782A0 /* Images */ = {
			isa = PBXGroup;
			children = (
				FAD4AB3312A0DA1800817DCA /* icon.png */,
				FA67286512A099010049DBD8 /* ButtonDark.png */,
				FAD1DB0212A0390500F782A0 /* TUGuideLogo.png */,
			);
			name = Images;
			sourceTree = "<group>";
		};
		FAD4AAA312A0CCBC00817DCA /* Models */ = {
			isa = PBXGroup;
			children = (
				FAD4AAA512A0CCD000817DCA /* User.h */,
				FAD4AAA612A0CCD000817DCA /* User.m */,
				4BA6453F12A13F5400B03B82 /* Course.h */,
				4BA6454012A13F5400B03B82 /* Course.m */,
				8E8D59BF12A143C40096E52C /* Announcement.h */,
				8E8D59C012A143C40096E52C /* Announcement.m */,
				8E8D59DA12A14B820096E52C /* Friend.h */,
				8E8D59DB12A14B820096E52C /* Friend.m */,
				8E8D59DD12A14C900096E52C /* Lecture.h */,
				8E8D59DE12A14C900096E52C /* Lecture.m */,
				4BA645BC12A154B600B03B82 /* Building.h */,
				4BA645BD12A154B600B03B82 /* Building.m */,
				8E8D59E612A151820096E52C /* Classroom.h */,
				8E8D59E712A151820096E52C /* Classroom.m */,
			);
			name = Models;
			sourceTree = "<group>";
		};
/* End PBXGroup section */

/* Begin PBXNativeTarget section */
		1D6058900D05DD3D006BFB54 /* TUGuide */ = {
			isa = PBXNativeTarget;
			buildConfigurationList = 1D6058960D05DD3E006BFB54 /* Build configuration list for PBXNativeTarget "TUGuide" */;
			buildPhases = (
				1D60588D0D05DD3D006BFB54 /* Resources */,
				1D60588E0D05DD3D006BFB54 /* Sources */,
				1D60588F0D05DD3D006BFB54 /* Frameworks */,
			);
			buildRules = (
			);
			dependencies = (
			);
			name = TUGuide;
			productName = TUGuide;
			productReference = 1D6058910D05DD3D006BFB54 /* TUGuide.app */;
			productType = "com.apple.product-type.application";
		};
		8EAFF11012A0054D00C9BCA3 /* Tests */ = {
			isa = PBXNativeTarget;
			buildConfigurationList = 8EAFF11512A0054D00C9BCA3 /* Build configuration list for PBXNativeTarget "Tests" */;
			buildPhases = (
				8EAFF10C12A0054D00C9BCA3 /* Resources */,
				8EAFF10D12A0054D00C9BCA3 /* Sources */,
				8EAFF10E12A0054D00C9BCA3 /* Frameworks */,
				8EAFF10F12A0054D00C9BCA3 /* ShellScript */,
			);
			buildRules = (
			);
			dependencies = (
			);
			name = Tests;
			productName = Tests;
			productReference = 8EAFF11112A0054D00C9BCA3 /* Tests.octest */;
			productType = "com.apple.product-type.bundle";
		};
/* End PBXNativeTarget section */

/* Begin PBXProject section */
		29B97313FDCFA39411CA2CEA /* Project object */ = {
			isa = PBXProject;
			buildConfigurationList = C01FCF4E08A954540054247B /* Build configuration list for PBXProject "TUGuide" */;
			compatibilityVersion = "Xcode 3.1";
			developmentRegion = English;
			hasScannedForEncodings = 1;
			knownRegions = (
				English,
				Japanese,
				French,
				German,
			);
			mainGroup = 29B97314FDCFA39411CA2CEA /* CustomTemplate */;
			projectDirPath = "";
			projectRoot = "";
			targets = (
				1D6058900D05DD3D006BFB54 /* TUGuide */,
				8EAFF11012A0054D00C9BCA3 /* Tests */,
			);
		};
/* End PBXProject section */

/* Begin PBXResourcesBuildPhase section */
		1D60588D0D05DD3D006BFB54 /* Resources */ = {
			isa = PBXResourcesBuildPhase;
			buildActionMask = 2147483647;
			files = (
				FAD1DB0312A0390500F782A0 /* TUGuideLogo.png in Resources */,
				FA67286612A099010049DBD8 /* ButtonDark.png in Resources */,
				FAD4AB2412A0D8F500817DCA /* Settings.bundle in Resources */,
				FAD4AB3412A0DA1800817DCA /* icon.png in Resources */,
			);
			runOnlyForDeploymentPostprocessing = 0;
		};
		8EAFF10C12A0054D00C9BCA3 /* Resources */ = {
			isa = PBXResourcesBuildPhase;
			buildActionMask = 2147483647;
			files = (
			);
			runOnlyForDeploymentPostprocessing = 0;
		};
/* End PBXResourcesBuildPhase section */

/* Begin PBXShellScriptBuildPhase section */
		8EAFF10F12A0054D00C9BCA3 /* ShellScript */ = {
			isa = PBXShellScriptBuildPhase;
			buildActionMask = 2147483647;
			files = (
			);
			inputPaths = (
			);
			outputPaths = (
			);
			runOnlyForDeploymentPostprocessing = 0;
			shellPath = /bin/sh;
			shellScript = "# Run the unit tests in this test bundle.\n\"${SYSTEM_DEVELOPER_DIR}/Tools/RunUnitTests\"\n";
		};
/* End PBXShellScriptBuildPhase section */

/* Begin PBXSourcesBuildPhase section */
		1D60588E0D05DD3D006BFB54 /* Sources */ = {
			isa = PBXSourcesBuildPhase;
			buildActionMask = 2147483647;
			files = (
				1D60589B0D05DD56006BFB54 /* main.m in Sources */,
				1D3623260D0F684500981E51 /* TUGuideAppDelegate.m in Sources */,
				FA381CA212A00563008E06D0 /* LoginViewController.m in Sources */,
				FA381CA512A0057A008E06D0 /* RegisterLoginView.m in Sources */,
				FA381CAB12A00593008E06D0 /* LoginView.m in Sources */,
				FA381CB112A005D2008E06D0 /* RegisterView.m in Sources */,
				FAD4AAA712A0CCD000817DCA /* User.m in Sources */,
				4BA6454112A13F5400B03B82 /* Course.m in Sources */,
				8E8D59C112A143C40096E52C /* Announcement.m in Sources */,
				8E8D59DC12A14B820096E52C /* Friend.m in Sources */,
				8E8D59DF12A14C900096E52C /* Lecture.m in Sources */,
				4BA645BE12A154B600B03B82 /* Building.m in Sources */,
				8E8D59E812A151820096E52C /* Classroom.m in Sources */,
			);
			runOnlyForDeploymentPostprocessing = 0;
		};
		8EAFF10D12A0054D00C9BCA3 /* Sources */ = {
			isa = PBXSourcesBuildPhase;
			buildActionMask = 2147483647;
			files = (
				8EAFF11A12A0057300C9BCA3 /* LogicTests.m in Sources */,
			);
			runOnlyForDeploymentPostprocessing = 0;
		};
/* End PBXSourcesBuildPhase section */

/* Begin XCBuildConfiguration section */
		1D6058940D05DD3E006BFB54 /* Debug */ = {
			isa = XCBuildConfiguration;
			buildSettings = {
				ALWAYS_SEARCH_USER_PATHS = NO;
				COPY_PHASE_STRIP = NO;
				FRAMEWORK_SEARCH_PATHS = (
					"$(inherited)",
					"\"$(DEVELOPER_FRAMEWORKS_DIR)\"",
				);
				GCC_DYNAMIC_NO_PIC = NO;
				GCC_OPTIMIZATION_LEVEL = 0;
				GCC_PRECOMPILE_PREFIX_HEADER = YES;
				GCC_PREFIX_HEADER = TUGuide_Prefix.pch;
				INFOPLIST_FILE = "TUGuide-Info.plist";
				PRODUCT_NAME = TUGuide;
			};
			name = Debug;
		};
		1D6058950D05DD3E006BFB54 /* Release */ = {
			isa = XCBuildConfiguration;
			buildSettings = {
				ALWAYS_SEARCH_USER_PATHS = NO;
				COPY_PHASE_STRIP = YES;
				FRAMEWORK_SEARCH_PATHS = (
					"$(inherited)",
					"\"$(DEVELOPER_FRAMEWORKS_DIR)\"",
				);
				GCC_PRECOMPILE_PREFIX_HEADER = YES;
				GCC_PREFIX_HEADER = TUGuide_Prefix.pch;
				INFOPLIST_FILE = "TUGuide-Info.plist";
				PRODUCT_NAME = TUGuide;
				VALIDATE_PRODUCT = YES;
			};
			name = Release;
		};
		8EAFF11312A0054D00C9BCA3 /* Debug */ = {
			isa = XCBuildConfiguration;
			buildSettings = {
				ALWAYS_SEARCH_USER_PATHS = NO;
				"CODE_SIGN_IDENTITY[sdk=iphoneos*]" = "";
				COPY_PHASE_STRIP = NO;
				FRAMEWORK_SEARCH_PATHS = (
					"\"$(SDKROOT)/Developer/Library/Frameworks\"",
					"\"$(DEVELOPER_LIBRARY_DIR)/Frameworks\"",
				);
				GCC_DYNAMIC_NO_PIC = NO;
				GCC_ENABLE_FIX_AND_CONTINUE = NO;
				GCC_ENABLE_OBJC_EXCEPTIONS = YES;
				GCC_OPTIMIZATION_LEVEL = 0;
				INFOPLIST_FILE = "Tests-Info.plist";
				OTHER_LDFLAGS = (
					"-framework",
					Foundation,
					"-framework",
					SenTestingKit,
					"-framework",
					UIKit,
				);
				PREBINDING = NO;
				PRODUCT_NAME = Tests;
				WRAPPER_EXTENSION = octest;
			};
			name = Debug;
		};
		8EAFF11412A0054D00C9BCA3 /* Release */ = {
			isa = XCBuildConfiguration;
			buildSettings = {
				ALWAYS_SEARCH_USER_PATHS = NO;
				"CODE_SIGN_IDENTITY[sdk=iphoneos*]" = "";
				COPY_PHASE_STRIP = YES;
				DEBUG_INFORMATION_FORMAT = "dwarf-with-dsym";
				FRAMEWORK_SEARCH_PATHS = (
					"\"$(SDKROOT)/Developer/Library/Frameworks\"",
					"\"$(DEVELOPER_LIBRARY_DIR)/Frameworks\"",
				);
				GCC_ENABLE_FIX_AND_CONTINUE = NO;
				GCC_ENABLE_OBJC_EXCEPTIONS = YES;
				INFOPLIST_FILE = "Tests-Info.plist";
				OTHER_LDFLAGS = (
					"-framework",
					Foundation,
					"-framework",
					SenTestingKit,
					"-framework",
					UIKit,
				);
				PREBINDING = NO;
				PRODUCT_NAME = Tests;
				WRAPPER_EXTENSION = octest;
				ZERO_LINK = NO;
			};
			name = Release;
		};
		C01FCF4F08A954540054247B /* Debug */ = {
			isa = XCBuildConfiguration;
			buildSettings = {
				ARCHS = "$(ARCHS_STANDARD_32_BIT)";
				"CODE_SIGN_IDENTITY[sdk=iphoneos*]" = "iPhone Developer";
				GCC_C_LANGUAGE_STANDARD = c99;
				GCC_WARN_ABOUT_RETURN_TYPE = YES;
				GCC_WARN_UNUSED_VARIABLE = YES;
				PREBINDING = NO;
				SDKROOT = iphoneos4.2;
			};
			name = Debug;
		};
		C01FCF5008A954540054247B /* Release */ = {
			isa = XCBuildConfiguration;
			buildSettings = {
				ARCHS = "$(ARCHS_STANDARD_32_BIT)";
				"CODE_SIGN_IDENTITY[sdk=iphoneos*]" = "iPhone Developer";
				GCC_C_LANGUAGE_STANDARD = c99;
				GCC_WARN_ABOUT_RETURN_TYPE = YES;
				GCC_WARN_UNUSED_VARIABLE = YES;
				OTHER_CFLAGS = "-DNS_BLOCK_ASSERTIONS=1";
				PREBINDING = NO;
				SDKROOT = iphoneos4.1;
			};
			name = Release;
		};
/* End XCBuildConfiguration section */

/* Begin XCConfigurationList section */
		1D6058960D05DD3E006BFB54 /* Build configuration list for PBXNativeTarget "TUGuide" */ = {
			isa = XCConfigurationList;
			buildConfigurations = (
				1D6058940D05DD3E006BFB54 /* Debug */,
				1D6058950D05DD3E006BFB54 /* Release */,
			);
			defaultConfigurationIsVisible = 0;
			defaultConfigurationName = Release;
		};
		8EAFF11512A0054D00C9BCA3 /* Build configuration list for PBXNativeTarget "Tests" */ = {
			isa = XCConfigurationList;
			buildConfigurations = (
				8EAFF11312A0054D00C9BCA3 /* Debug */,
				8EAFF11412A0054D00C9BCA3 /* Release */,
			);
			defaultConfigurationIsVisible = 0;
			defaultConfigurationName = Release;
		};
		C01FCF4E08A954540054247B /* Build configuration list for PBXProject "TUGuide" */ = {
			isa = XCConfigurationList;
			buildConfigurations = (
				C01FCF4F08A954540054247B /* Debug */,
				C01FCF5008A954540054247B /* Release */,
			);
			defaultConfigurationIsVisible = 0;
			defaultConfigurationName = Release;
		};
/* End XCConfigurationList section */
	};
	rootObject = 29B97313FDCFA39411CA2CEA /* Project object */;
}
